// !$*UTF8*$!
{
	archiveVersion = 1;
	classes = {
	};
	objectVersion = 56;
	objects = {

/* Begin PBXBuildFile section */
		3A7938072C611C7700C957C5 /* CustomNavigationBar.swift in Sources */ = {isa = PBXBuildFile; fileRef = 3A7938062C611C7700C957C5 /* CustomNavigationBar.swift */; };
		3A7938092C611CA000C957C5 /* MenuView.swift in Sources */ = {isa = PBXBuildFile; fileRef = 3A7938082C611CA000C957C5 /* MenuView.swift */; };
		3A79380D2C611D2900C957C5 /* Order.swift in Sources */ = {isa = PBXBuildFile; fileRef = 3A79380C2C611D2900C957C5 /* Order.swift */; };
		3A79380F2C611D4D00C957C5 /* OrderHistoryView.swift in Sources */ = {isa = PBXBuildFile; fileRef = 3A79380E2C611D4D00C957C5 /* OrderHistoryView.swift */; };
		3A7938112C611D7800C957C5 /* OrderCard.swift in Sources */ = {isa = PBXBuildFile; fileRef = 3A7938102C611D7700C957C5 /* OrderCard.swift */; };
		3A7938132C611DE400C957C5 /* UpcomingDeliveriesView.swift in Sources */ = {isa = PBXBuildFile; fileRef = 3A7938122C611DE400C957C5 /* UpcomingDeliveriesView.swift */; };
		3A7938152C611E0500C957C5 /* PromotionalBanner.swift in Sources */ = {isa = PBXBuildFile; fileRef = 3A7938142C611E0500C957C5 /* PromotionalBanner.swift */; };
		3A7938172C611E8800C957C5 /* SettingsView.swift in Sources */ = {isa = PBXBuildFile; fileRef = 3A7938162C611E8800C957C5 /* SettingsView.swift */; };
		3A7938192C611F0600C957C5 /* MapView.swift in Sources */ = {isa = PBXBuildFile; fileRef = 3A7938182C611F0600C957C5 /* MapView.swift */; };
		3A79381B2C611F2B00C957C5 /* InfoCardView.swift in Sources */ = {isa = PBXBuildFile; fileRef = 3A79381A2C611F2B00C957C5 /* InfoCardView.swift */; };
		3A79381E2C611F9200C957C5 /* InputFormView.swift in Sources */ = {isa = PBXBuildFile; fileRef = 3A79381D2C611F9200C957C5 /* InputFormView.swift */; };
		3A7938202C611FE800C957C5 /* HelpView.swift in Sources */ = {isa = PBXBuildFile; fileRef = 3A79381F2C611FE800C957C5 /* HelpView.swift */; };
		3A7938222C6120AD00C957C5 /* sampleOrders.swift in Sources */ = {isa = PBXBuildFile; fileRef = 3A7938212C6120AD00C957C5 /* sampleOrders.swift */; };
		3A7938242C61215C00C957C5 /* DetailView.swift in Sources */ = {isa = PBXBuildFile; fileRef = 3A7938232C61215C00C957C5 /* DetailView.swift */; };
		3A7938262C6121E100C957C5 /* FAQSection.swift in Sources */ = {isa = PBXBuildFile; fileRef = 3A7938252C6121E100C957C5 /* FAQSection.swift */; };
		3A79382A2C6122AF00C957C5 /* sampleFAQs.swift in Sources */ = {isa = PBXBuildFile; fileRef = 3A7938292C6122AF00C957C5 /* sampleFAQs.swift */; };
		3A79382C2C6122DE00C957C5 /* FAQView.swift in Sources */ = {isa = PBXBuildFile; fileRef = 3A79382B2C6122DE00C957C5 /* FAQView.swift */; };
		3A79382E2C6123F200C957C5 /* FAQ.swift in Sources */ = {isa = PBXBuildFile; fileRef = 3A79382D2C6123F200C957C5 /* FAQ.swift */; };
		3A7938302C6124D900C957C5 /* ContactSupportSection.swift in Sources */ = {isa = PBXBuildFile; fileRef = 3A79382F2C6124D900C957C5 /* ContactSupportSection.swift */; };
		3A7938322C6124FE00C957C5 /* GuidesSection.swift in Sources */ = {isa = PBXBuildFile; fileRef = 3A7938312C6124FE00C957C5 /* GuidesSection.swift */; };
		3A7938342C61270400C957C5 /* GuideDetailView.swift in Sources */ = {isa = PBXBuildFile; fileRef = 3A7938332C61270400C957C5 /* GuideDetailView.swift */; };
		3A7B95D62C627A45003D7994 /* FAQListView.swift in Sources */ = {isa = PBXBuildFile; fileRef = 3A7B95D52C627A45003D7994 /* FAQListView.swift */; };
		3A7B95D82C627C20003D7994 /* SideMenuView.swift in Sources */ = {isa = PBXBuildFile; fileRef = 3A7B95D72C627C20003D7994 /* SideMenuView.swift */; };
		3A7B95DA2C627C41003D7994 /* ProfileView.swift in Sources */ = {isa = PBXBuildFile; fileRef = 3A7B95D92C627C41003D7994 /* ProfileView.swift */; };
		3A7B95DC2C627E42003D7994 /* AuthManager.swift in Sources */ = {isa = PBXBuildFile; fileRef = 3A7B95DB2C627E42003D7994 /* AuthManager.swift */; };
		3A7B95DE2C627E97003D7994 /* MenuItemView.swift in Sources */ = {isa = PBXBuildFile; fileRef = 3A7B95DD2C627E97003D7994 /* MenuItemView.swift */; };
		3A7B95E42C628966003D7994 /* DeliveryOptionView.swift in Sources */ = {isa = PBXBuildFile; fileRef = 3A7B95E32C628966003D7994 /* DeliveryOptionView.swift */; };
		3A7B95E62C628C9C003D7994 /* SummaryView.swift in Sources */ = {isa = PBXBuildFile; fileRef = 3A7B95E52C628C9C003D7994 /* SummaryView.swift */; };
		3A7F447D2C721313005E49F7 /* FinalView.swift in Sources */ = {isa = PBXBuildFile; fileRef = 3A7F447C2C721313005E49F7 /* FinalView.swift */; };
		3A961A8D2C6118FF00EB097A /* ContentView.swift in Sources */ = {isa = PBXBuildFile; fileRef = 3A961A8C2C6118FF00EB097A /* ContentView.swift */; };
		3AAFC26C2C5930280058CD53 /* GSI_NEXT_IOSApp.swift in Sources */ = {isa = PBXBuildFile; fileRef = 3AAFC26B2C5930280058CD53 /* GSI_NEXT_IOSApp.swift */; };
		3AAFC2702C5930280058CD53 /* Assets.xcassets in Resources */ = {isa = PBXBuildFile; fileRef = 3AAFC26F2C5930280058CD53 /* Assets.xcassets */; };
		3AAFC2732C5930280058CD53 /* Preview Assets.xcassets in Resources */ = {isa = PBXBuildFile; fileRef = 3AAFC2722C5930280058CD53 /* Preview Assets.xcassets */; };
/* End PBXBuildFile section */

/* Begin PBXFileReference section */
		3A7938062C611C7700C957C5 /* CustomNavigationBar.swift */ = {isa = PBXFileReference; lastKnownFileType = sourcecode.swift; path = CustomNavigationBar.swift; sourceTree = "<group>"; };
		3A7938082C611CA000C957C5 /* MenuView.swift */ = {isa = PBXFileReference; lastKnownFileType = sourcecode.swift; path = MenuView.swift; sourceTree = "<group>"; };
		3A79380C2C611D2900C957C5 /* Order.swift */ = {isa = PBXFileReference; lastKnownFileType = sourcecode.swift; path = Order.swift; sourceTree = "<group>"; };
		3A79380E2C611D4D00C957C5 /* OrderHistoryView.swift */ = {isa = PBXFileReference; lastKnownFileType = sourcecode.swift; path = OrderHistoryView.swift; sourceTree = "<group>"; };
		3A7938102C611D7700C957C5 /* OrderCard.swift */ = {isa = PBXFileReference; lastKnownFileType = sourcecode.swift; path = OrderCard.swift; sourceTree = "<group>"; };
		3A7938122C611DE400C957C5 /* UpcomingDeliveriesView.swift */ = {isa = PBXFileReference; lastKnownFileType = sourcecode.swift; path = UpcomingDeliveriesView.swift; sourceTree = "<group>"; };
		3A7938142C611E0500C957C5 /* PromotionalBanner.swift */ = {isa = PBXFileReference; lastKnownFileType = sourcecode.swift; path = PromotionalBanner.swift; sourceTree = "<group>"; };
		3A7938162C611E8800C957C5 /* SettingsView.swift */ = {isa = PBXFileReference; lastKnownFileType = sourcecode.swift; path = SettingsView.swift; sourceTree = "<group>"; };
		3A7938182C611F0600C957C5 /* MapView.swift */ = {isa = PBXFileReference; lastKnownFileType = sourcecode.swift; path = MapView.swift; sourceTree = "<group>"; };
		3A79381A2C611F2B00C957C5 /* InfoCardView.swift */ = {isa = PBXFileReference; lastKnownFileType = sourcecode.swift; path = InfoCardView.swift; sourceTree = "<group>"; };
		3A79381D2C611F9200C957C5 /* InputFormView.swift */ = {isa = PBXFileReference; lastKnownFileType = sourcecode.swift; path = InputFormView.swift; sourceTree = "<group>"; };
		3A79381F2C611FE800C957C5 /* HelpView.swift */ = {isa = PBXFileReference; lastKnownFileType = sourcecode.swift; path = HelpView.swift; sourceTree = "<group>"; };
		3A7938212C6120AD00C957C5 /* sampleOrders.swift */ = {isa = PBXFileReference; lastKnownFileType = sourcecode.swift; path = sampleOrders.swift; sourceTree = "<group>"; };
		3A7938232C61215C00C957C5 /* DetailView.swift */ = {isa = PBXFileReference; lastKnownFileType = sourcecode.swift; path = DetailView.swift; sourceTree = "<group>"; };
		3A7938252C6121E100C957C5 /* FAQSection.swift */ = {isa = PBXFileReference; lastKnownFileType = sourcecode.swift; path = FAQSection.swift; sourceTree = "<group>"; };
		3A7938292C6122AF00C957C5 /* sampleFAQs.swift */ = {isa = PBXFileReference; lastKnownFileType = sourcecode.swift; path = sampleFAQs.swift; sourceTree = "<group>"; };
		3A79382B2C6122DE00C957C5 /* FAQView.swift */ = {isa = PBXFileReference; lastKnownFileType = sourcecode.swift; path = FAQView.swift; sourceTree = "<group>"; };
		3A79382D2C6123F200C957C5 /* FAQ.swift */ = {isa = PBXFileReference; lastKnownFileType = sourcecode.swift; path = FAQ.swift; sourceTree = "<group>"; };
		3A79382F2C6124D900C957C5 /* ContactSupportSection.swift */ = {isa = PBXFileReference; lastKnownFileType = sourcecode.swift; path = ContactSupportSection.swift; sourceTree = "<group>"; };
		3A7938312C6124FE00C957C5 /* GuidesSection.swift */ = {isa = PBXFileReference; lastKnownFileType = sourcecode.swift; path = GuidesSection.swift; sourceTree = "<group>"; };
		3A7938332C61270400C957C5 /* GuideDetailView.swift */ = {isa = PBXFileReference; lastKnownFileType = sourcecode.swift; path = GuideDetailView.swift; sourceTree = "<group>"; };
		3A7B95D52C627A45003D7994 /* FAQListView.swift */ = {isa = PBXFileReference; lastKnownFileType = sourcecode.swift; path = FAQListView.swift; sourceTree = "<group>"; };
		3A7B95D72C627C20003D7994 /* SideMenuView.swift */ = {isa = PBXFileReference; lastKnownFileType = sourcecode.swift; path = SideMenuView.swift; sourceTree = "<group>"; };
		3A7B95D92C627C41003D7994 /* ProfileView.swift */ = {isa = PBXFileReference; lastKnownFileType = sourcecode.swift; path = ProfileView.swift; sourceTree = "<group>"; };
		3A7B95DB2C627E42003D7994 /* AuthManager.swift */ = {isa = PBXFileReference; lastKnownFileType = sourcecode.swift; path = AuthManager.swift; sourceTree = "<group>"; };
		3A7B95DD2C627E97003D7994 /* MenuItemView.swift */ = {isa = PBXFileReference; lastKnownFileType = sourcecode.swift; path = MenuItemView.swift; sourceTree = "<group>"; };
		3A7B95E32C628966003D7994 /* DeliveryOptionView.swift */ = {isa = PBXFileReference; lastKnownFileType = sourcecode.swift; path = DeliveryOptionView.swift; sourceTree = "<group>"; };
		3A7B95E52C628C9C003D7994 /* SummaryView.swift */ = {isa = PBXFileReference; lastKnownFileType = sourcecode.swift; path = SummaryView.swift; sourceTree = "<group>"; };
		3A7F447C2C721313005E49F7 /* FinalView.swift */ = {isa = PBXFileReference; lastKnownFileType = sourcecode.swift; path = FinalView.swift; sourceTree = "<group>"; };
		3A961A8C2C6118FF00EB097A /* ContentView.swift */ = {isa = PBXFileReference; lastKnownFileType = sourcecode.swift; path = ContentView.swift; sourceTree = "<group>"; };
		3AAFC2682C5930280058CD53 /* GSI NEXT IOS.app */ = {isa = PBXFileReference; explicitFileType = wrapper.application; includeInIndex = 0; path = "GSI NEXT IOS.app"; sourceTree = BUILT_PRODUCTS_DIR; };
		3AAFC26B2C5930280058CD53 /* GSI_NEXT_IOSApp.swift */ = {isa = PBXFileReference; lastKnownFileType = sourcecode.swift; path = GSI_NEXT_IOSApp.swift; sourceTree = "<group>"; };
		3AAFC26F2C5930280058CD53 /* Assets.xcassets */ = {isa = PBXFileReference; lastKnownFileType = folder.assetcatalog; path = Assets.xcassets; sourceTree = "<group>"; };
		3AAFC2722C5930280058CD53 /* Preview Assets.xcassets */ = {isa = PBXFileReference; lastKnownFileType = folder.assetcatalog; path = "Preview Assets.xcassets"; sourceTree = "<group>"; };
/* End PBXFileReference section */

/* Begin PBXFrameworksBuildPhase section */
		3AAFC2652C5930280058CD53 /* Frameworks */ = {
			isa = PBXFrameworksBuildPhase;
			buildActionMask = 2147483647;
			files = (
			);
			runOnlyForDeploymentPostprocessing = 0;
		};
/* End PBXFrameworksBuildPhase section */

/* Begin PBXGroup section */
		3A79381C2C611F6500C957C5 /* View */ = {
			isa = PBXGroup;
			children = (
				3A961A8C2C6118FF00EB097A /* ContentView.swift */,
				3A7F447C2C721313005E49F7 /* FinalView.swift */,
				3A7B95E52C628C9C003D7994 /* SummaryView.swift */,
				3A7B95DD2C627E97003D7994 /* MenuItemView.swift */,
				3A7B95D92C627C41003D7994 /* ProfileView.swift */,
				3A7B95D72C627C20003D7994 /* SideMenuView.swift */,
				3A7938332C61270400C957C5 /* GuideDetailView.swift */,
				3A79382F2C6124D900C957C5 /* ContactSupportSection.swift */,
				3A79382B2C6122DE00C957C5 /* FAQView.swift */,
				3A7B95D52C627A45003D7994 /* FAQListView.swift */,
				3A7938232C61215C00C957C5 /* DetailView.swift */,
				3A79381F2C611FE800C957C5 /* HelpView.swift */,
				3A79381D2C611F9200C957C5 /* InputFormView.swift */,
				3A79381A2C611F2B00C957C5 /* InfoCardView.swift */,
				3A7938252C6121E100C957C5 /* FAQSection.swift */,
				3A7938182C611F0600C957C5 /* MapView.swift */,
				3A7938162C611E8800C957C5 /* SettingsView.swift */,
				3A7938082C611CA000C957C5 /* MenuView.swift */,
				3A79380E2C611D4D00C957C5 /* OrderHistoryView.swift */,
				3A7938102C611D7700C957C5 /* OrderCard.swift */,
				3A7938122C611DE400C957C5 /* UpcomingDeliveriesView.swift */,
				3A7938142C611E0500C957C5 /* PromotionalBanner.swift */,
				3A7938312C6124FE00C957C5 /* GuidesSection.swift */,
				3A7B95E32C628966003D7994 /* DeliveryOptionView.swift */,
			);
			path = View;
			sourceTree = "<group>";
		};
		3AAFC25F2C5930280058CD53 = {
			isa = PBXGroup;
			children = (
				3AAFC26A2C5930280058CD53 /* GSI NEXT IOS */,
				3AAFC2692C5930280058CD53 /* Products */,
			);
			sourceTree = "<group>";
		};
		3AAFC2692C5930280058CD53 /* Products */ = {
			isa = PBXGroup;
			children = (
				3AAFC2682C5930280058CD53 /* GSI NEXT IOS.app */,
			);
			name = Products;
			sourceTree = "<group>";
		};
		3AAFC26A2C5930280058CD53 /* GSI NEXT IOS */ = {
			isa = PBXGroup;
			children = (
				3AAFC2792C5930910058CD53 /* App */,
				3AAFC26F2C5930280058CD53 /* Assets.xcassets */,
				3AAFC2712C5930280058CD53 /* Preview Content */,
			);
			path = "GSI NEXT IOS";
			sourceTree = "<group>";
		};
		3AAFC2712C5930280058CD53 /* Preview Content */ = {
			isa = PBXGroup;
			children = (
				3AAFC2722C5930280058CD53 /* Preview Assets.xcassets */,
			);
			path = "Preview Content";
			sourceTree = "<group>";
		};
		3AAFC2792C5930910058CD53 /* App */ = {
			isa = PBXGroup;
			children = (
				3AAFC26B2C5930280058CD53 /* GSI_NEXT_IOSApp.swift */,
				3AAFC2812C5931110058CD53 /* Managers */,
				3AAFC27A2C5930A50058CD53 /* Core */,
			);
			path = App;
			sourceTree = "<group>";
		};
		3AAFC27A2C5930A50058CD53 /* Core */ = {
			isa = PBXGroup;
			children = (
				3AAFC27B2C5930AF0058CD53 /* Authentication */,
			);
			path = Core;
			sourceTree = "<group>";
		};
		3AAFC27B2C5930AF0058CD53 /* Authentication */ = {
			isa = PBXGroup;
			children = (
				3A79381C2C611F6500C957C5 /* View */,
				3AAFC2802C5930F20058CD53 /* Models */,
			);
			path = Authentication;
			sourceTree = "<group>";
		};
		3AAFC2802C5930F20058CD53 /* Models */ = {
			isa = PBXGroup;
			children = (
				3A79380C2C611D2900C957C5 /* Order.swift */,
				3A79382D2C6123F200C957C5 /* FAQ.swift */,
				3A7938212C6120AD00C957C5 /* sampleOrders.swift */,
				3A7938292C6122AF00C957C5 /* sampleFAQs.swift */,
				3AAFC2832C59313C0058CD53 /* Extensions */,
				3A7938062C611C7700C957C5 /* CustomNavigationBar.swift */,
			);
			path = Models;
			sourceTree = "<group>";
		};
		3AAFC2812C5931110058CD53 /* Managers */ = {
			isa = PBXGroup;
			children = (
				3A7B95DB2C627E42003D7994 /* AuthManager.swift */,
			);
			path = Managers;
			sourceTree = "<group>";
		};
		3AAFC2832C59313C0058CD53 /* Extensions */ = {
			isa = PBXGroup;
			children = (
				3AAFC2842C59314D0058CD53 /* Reusable Item */,
			);
			path = Extensions;
			sourceTree = "<group>";
		};
		3AAFC2842C59314D0058CD53 /* Reusable Item */ = {
			isa = PBXGroup;
			children = (
			);
			path = "Reusable Item";
			sourceTree = "<group>";
		};
/* End PBXGroup section */

/* Begin PBXNativeTarget section */
		3AAFC2672C5930280058CD53 /* GSI NEXT IOS */ = {
			isa = PBXNativeTarget;
			buildConfigurationList = 3AAFC2762C5930280058CD53 /* Build configuration list for PBXNativeTarget "GSI NEXT IOS" */;
			buildPhases = (
				3AAFC2642C5930280058CD53 /* Sources */,
				3AAFC2652C5930280058CD53 /* Frameworks */,
				3AAFC2662C5930280058CD53 /* Resources */,
			);
			buildRules = (
			);
			dependencies = (
			);
			name = "GSI NEXT IOS";
			productName = "GSI NEXT IOS";
			productReference = 3AAFC2682C5930280058CD53 /* GSI NEXT IOS.app */;
			productType = "com.apple.product-type.application";
		};
/* End PBXNativeTarget section */

/* Begin PBXProject section */
		3AAFC2602C5930280058CD53 /* Project object */ = {
			isa = PBXProject;
			attributes = {
				BuildIndependentTargetsInParallel = 1;
				LastSwiftUpdateCheck = 1520;
				LastUpgradeCheck = 1520;
				TargetAttributes = {
					3AAFC2672C5930280058CD53 = {
						CreatedOnToolsVersion = 15.2;
					};
				};
			};
			buildConfigurationList = 3AAFC2632C5930280058CD53 /* Build configuration list for PBXProject "GSI NEXT IOS" */;
			compatibilityVersion = "Xcode 14.0";
			developmentRegion = en;
			hasScannedForEncodings = 0;
			knownRegions = (
				en,
				Base,
			);
			mainGroup = 3AAFC25F2C5930280058CD53;
			productRefGroup = 3AAFC2692C5930280058CD53 /* Products */;
			projectDirPath = "";
			projectRoot = "";
			targets = (
				3AAFC2672C5930280058CD53 /* GSI NEXT IOS */,
			);
		};
/* End PBXProject section */

/* Begin PBXResourcesBuildPhase section */
		3AAFC2662C5930280058CD53 /* Resources */ = {
			isa = PBXResourcesBuildPhase;
			buildActionMask = 2147483647;
			files = (
				3AAFC2732C5930280058CD53 /* Preview Assets.xcassets in Resources */,
				3AAFC2702C5930280058CD53 /* Assets.xcassets in Resources */,
			);
			runOnlyForDeploymentPostprocessing = 0;
		};
/* End PBXResourcesBuildPhase section */

/* Begin PBXSourcesBuildPhase section */
		3AAFC2642C5930280058CD53 /* Sources */ = {
			isa = PBXSourcesBuildPhase;
			buildActionMask = 2147483647;
			files = (
				3A7938132C611DE400C957C5 /* UpcomingDeliveriesView.swift in Sources */,
				3A7938072C611C7700C957C5 /* CustomNavigationBar.swift in Sources */,
				3A7F447D2C721313005E49F7 /* FinalView.swift in Sources */,
				3A7938092C611CA000C957C5 /* MenuView.swift in Sources */,
				3A79382C2C6122DE00C957C5 /* FAQView.swift in Sources */,
				3A7B95E42C628966003D7994 /* DeliveryOptionView.swift in Sources */,
				3A7B95DE2C627E97003D7994 /* MenuItemView.swift in Sources */,
				3A7938202C611FE800C957C5 /* HelpView.swift in Sources */,
				3A7938302C6124D900C957C5 /* ContactSupportSection.swift in Sources */,
				3A7938192C611F0600C957C5 /* MapView.swift in Sources */,
				3A7B95D82C627C20003D7994 /* SideMenuView.swift in Sources */,
				3A79380D2C611D2900C957C5 /* Order.swift in Sources */,
				3A7938322C6124FE00C957C5 /* GuidesSection.swift in Sources */,
				3A7B95DC2C627E42003D7994 /* AuthManager.swift in Sources */,
				3A7938112C611D7800C957C5 /* OrderCard.swift in Sources */,
				3A7B95E62C628C9C003D7994 /* SummaryView.swift in Sources */,
				3A79382E2C6123F200C957C5 /* FAQ.swift in Sources */,
				3A79381E2C611F9200C957C5 /* InputFormView.swift in Sources */,
				3A7938172C611E8800C957C5 /* SettingsView.swift in Sources */,
				3A7B95DA2C627C41003D7994 /* ProfileView.swift in Sources */,
				3A7938242C61215C00C957C5 /* DetailView.swift in Sources */,
				3A7938262C6121E100C957C5 /* FAQSection.swift in Sources */,
				3A961A8D2C6118FF00EB097A /* ContentView.swift in Sources */,
				3A79380F2C611D4D00C957C5 /* OrderHistoryView.swift in Sources */,
				3A7938342C61270400C957C5 /* GuideDetailView.swift in Sources */,
				3AAFC26C2C5930280058CD53 /* GSI_NEXT_IOSApp.swift in Sources */,
				3A7B95D62C627A45003D7994 /* FAQListView.swift in Sources */,
				3A7938222C6120AD00C957C5 /* sampleOrders.swift in Sources */,
				3A79382A2C6122AF00C957C5 /* sampleFAQs.swift in Sources */,
				3A79381B2C611F2B00C957C5 /* InfoCardView.swift in Sources */,
				3A7938152C611E0500C957C5 /* PromotionalBanner.swift in Sources */,
			);
			runOnlyForDeploymentPostprocessing = 0;
		};
/* End PBXSourcesBuildPhase section */

/* Begin XCBuildConfiguration section */
		3AAFC2742C5930280058CD53 /* Debug */ = {
			isa = XCBuildConfiguration;
			buildSettings = {
				ALWAYS_SEARCH_USER_PATHS = NO;
				ASSETCATALOG_COMPILER_GENERATE_SWIFT_ASSET_SYMBOL_EXTENSIONS = YES;
				CLANG_ANALYZER_NONNULL = YES;
				CLANG_ANALYZER_NUMBER_OBJECT_CONVERSION = YES_AGGRESSIVE;
				CLANG_CXX_LANGUAGE_STANDARD = "gnu++20";
				CLANG_ENABLE_MODULES = YES;
				CLANG_ENABLE_OBJC_ARC = YES;
				CLANG_ENABLE_OBJC_WEAK = YES;
				CLANG_WARN_BLOCK_CAPTURE_AUTORELEASING = YES;
				CLANG_WARN_BOOL_CONVERSION = YES;
				CLANG_WARN_COMMA = YES;
				CLANG_WARN_CONSTANT_CONVERSION = YES;
				CLANG_WARN_DEPRECATED_OBJC_IMPLEMENTATIONS = YES;
				CLANG_WARN_DIRECT_OBJC_ISA_USAGE = YES_ERROR;
				CLANG_WARN_DOCUMENTATION_COMMENTS = YES;
				CLANG_WARN_EMPTY_BODY = YES;
				CLANG_WARN_ENUM_CONVERSION = YES;
				CLANG_WARN_INFINITE_RECURSION = YES;
				CLANG_WARN_INT_CONVERSION = YES;
				CLANG_WARN_NON_LITERAL_NULL_CONVERSION = YES;
				CLANG_WARN_OBJC_IMPLICIT_RETAIN_SELF = YES;
				CLANG_WARN_OBJC_LITERAL_CONVERSION = YES;
				CLANG_WARN_OBJC_ROOT_CLASS = YES_ERROR;
				CLANG_WARN_QUOTED_INCLUDE_IN_FRAMEWORK_HEADER = YES;
				CLANG_WARN_RANGE_LOOP_ANALYSIS = YES;
				CLANG_WARN_STRICT_PROTOTYPES = YES;
				CLANG_WARN_SUSPICIOUS_MOVE = YES;
				CLANG_WARN_UNGUARDED_AVAILABILITY = YES_AGGRESSIVE;
				CLANG_WARN_UNREACHABLE_CODE = YES;
				CLANG_WARN__DUPLICATE_METHOD_MATCH = YES;
				COPY_PHASE_STRIP = NO;
				DEBUG_INFORMATION_FORMAT = dwarf;
				ENABLE_STRICT_OBJC_MSGSEND = YES;
				ENABLE_TESTABILITY = YES;
				ENABLE_USER_SCRIPT_SANDBOXING = YES;
				GCC_C_LANGUAGE_STANDARD = gnu17;
				GCC_DYNAMIC_NO_PIC = NO;
				GCC_NO_COMMON_BLOCKS = YES;
				GCC_OPTIMIZATION_LEVEL = 0;
				GCC_PREPROCESSOR_DEFINITIONS = (
					"DEBUG=1",
					"$(inherited)",
				);
				GCC_WARN_64_TO_32_BIT_CONVERSION = YES;
				GCC_WARN_ABOUT_RETURN_TYPE = YES_ERROR;
				GCC_WARN_UNDECLARED_SELECTOR = YES;
				GCC_WARN_UNINITIALIZED_AUTOS = YES_AGGRESSIVE;
				GCC_WARN_UNUSED_FUNCTION = YES;
				GCC_WARN_UNUSED_VARIABLE = YES;
				IPHONEOS_DEPLOYMENT_TARGET = 17.2;
				LOCALIZATION_PREFERS_STRING_CATALOGS = YES;
				MTL_ENABLE_DEBUG_INFO = INCLUDE_SOURCE;
				MTL_FAST_MATH = YES;
				ONLY_ACTIVE_ARCH = YES;
				SDKROOT = iphoneos;
				SWIFT_ACTIVE_COMPILATION_CONDITIONS = "DEBUG $(inherited)";
				SWIFT_OPTIMIZATION_LEVEL = "-Onone";
			};
			name = Debug;
		};
		3AAFC2752C5930280058CD53 /* Release */ = {
			isa = XCBuildConfiguration;
			buildSettings = {
				ALWAYS_SEARCH_USER_PATHS = NO;
				ASSETCATALOG_COMPILER_GENERATE_SWIFT_ASSET_SYMBOL_EXTENSIONS = YES;
				CLANG_ANALYZER_NONNULL = YES;
				CLANG_ANALYZER_NUMBER_OBJECT_CONVERSION = YES_AGGRESSIVE;
				CLANG_CXX_LANGUAGE_STANDARD = "gnu++20";
				CLANG_ENABLE_MODULES = YES;
				CLANG_ENABLE_OBJC_ARC = YES;
				CLANG_ENABLE_OBJC_WEAK = YES;
				CLANG_WARN_BLOCK_CAPTURE_AUTORELEASING = YES;
				CLANG_WARN_BOOL_CONVERSION = YES;
				CLANG_WARN_COMMA = YES;
				CLANG_WARN_CONSTANT_CONVERSION = YES;
				CLANG_WARN_DEPRECATED_OBJC_IMPLEMENTATIONS = YES;
				CLANG_WARN_DIRECT_OBJC_ISA_USAGE = YES_ERROR;
				CLANG_WARN_DOCUMENTATION_COMMENTS = YES;
				CLANG_WARN_EMPTY_BODY = YES;
				CLANG_WARN_ENUM_CONVERSION = YES;
				CLANG_WARN_INFINITE_RECURSION = YES;
				CLANG_WARN_INT_CONVERSION = YES;
				CLANG_WARN_NON_LITERAL_NULL_CONVERSION = YES;
				CLANG_WARN_OBJC_IMPLICIT_RETAIN_SELF = YES;
				CLANG_WARN_OBJC_LITERAL_CONVERSION = YES;
				CLANG_WARN_OBJC_ROOT_CLASS = YES_ERROR;
				CLANG_WARN_QUOTED_INCLUDE_IN_FRAMEWORK_HEADER = YES;
				CLANG_WARN_RANGE_LOOP_ANALYSIS = YES;
				CLANG_WARN_STRICT_PROTOTYPES = YES;
				CLANG_WARN_SUSPICIOUS_MOVE = YES;
				CLANG_WARN_UNGUARDED_AVAILABILITY = YES_AGGRESSIVE;
				CLANG_WARN_UNREACHABLE_CODE = YES;
				CLANG_WARN__DUPLICATE_METHOD_MATCH = YES;
				COPY_PHASE_STRIP = NO;
				DEBUG_INFORMATION_FORMAT = "dwarf-with-dsym";
				ENABLE_NS_ASSERTIONS = NO;
				ENABLE_STRICT_OBJC_MSGSEND = YES;
				ENABLE_USER_SCRIPT_SANDBOXING = YES;
				GCC_C_LANGUAGE_STANDARD = gnu17;
				GCC_NO_COMMON_BLOCKS = YES;
				GCC_WARN_64_TO_32_BIT_CONVERSION = YES;
				GCC_WARN_ABOUT_RETURN_TYPE = YES_ERROR;
				GCC_WARN_UNDECLARED_SELECTOR = YES;
				GCC_WARN_UNINITIALIZED_AUTOS = YES_AGGRESSIVE;
				GCC_WARN_UNUSED_FUNCTION = YES;
				GCC_WARN_UNUSED_VARIABLE = YES;
				IPHONEOS_DEPLOYMENT_TARGET = 17.2;
				LOCALIZATION_PREFERS_STRING_CATALOGS = YES;
				MTL_ENABLE_DEBUG_INFO = NO;
				MTL_FAST_MATH = YES;
				SDKROOT = iphoneos;
				SWIFT_COMPILATION_MODE = wholemodule;
				VALIDATE_PRODUCT = YES;
			};
			name = Release;
		};
		3AAFC2772C5930280058CD53 /* Debug */ = {
			isa = XCBuildConfiguration;
			buildSettings = {
				ASSETCATALOG_COMPILER_APPICON_NAME = AppIcon;
				ASSETCATALOG_COMPILER_GLOBAL_ACCENT_COLOR_NAME = AccentColor;
				CODE_SIGN_STYLE = Automatic;
				CURRENT_PROJECT_VERSION = 1;
				DEVELOPMENT_ASSET_PATHS = "\"GSI NEXT IOS/Preview Content\"";
				DEVELOPMENT_TEAM = T9YY6JTGY9;
				ENABLE_PREVIEWS = YES;
				GENERATE_INFOPLIST_FILE = YES;
				INFOPLIST_KEY_UIApplicationSceneManifest_Generation = YES;
				INFOPLIST_KEY_UIApplicationSupportsIndirectInputEvents = YES;
				INFOPLIST_KEY_UILaunchScreen_Generation = YES;
				INFOPLIST_KEY_UISupportedInterfaceOrientations_iPad = "UIInterfaceOrientationPortrait UIInterfaceOrientationPortraitUpsideDown UIInterfaceOrientationLandscapeLeft UIInterfaceOrientationLandscapeRight";
				INFOPLIST_KEY_UISupportedInterfaceOrientations_iPhone = "UIInterfaceOrientationPortrait UIInterfaceOrientationLandscapeLeft UIInterfaceOrientationLandscapeRight";
				LD_RUNPATH_SEARCH_PATHS = (
					"$(inherited)",
					"@executable_path/Frameworks",
				);
				MARKETING_VERSION = 1.0;
				PRODUCT_BUNDLE_IDENTIFIER = "Com.harshtrivedi.GSI-Next.Com.GSI-NEXT-IOS";
				PRODUCT_NAME = "$(TARGET_NAME)";
				SWIFT_EMIT_LOC_STRINGS = YES;
				SWIFT_VERSION = 5.0;
				TARGETED_DEVICE_FAMILY = "1,2";
			};
			name = Debug;
		};
		3AAFC2782C5930280058CD53 /* Release */ = {
			isa = XCBuildConfiguration;
			buildSettings = {
				ASSETCATALOG_COMPILER_APPICON_NAME = AppIcon;
				ASSETCATALOG_COMPILER_GLOBAL_ACCENT_COLOR_NAME = AccentColor;
				CODE_SIGN_STYLE = Automatic;
				CURRENT_PROJECT_VERSION = 1;
				DEVELOPMENT_ASSET_PATHS = "\"GSI NEXT IOS/Preview Content\"";
				DEVELOPMENT_TEAM = T9YY6JTGY9;
				ENABLE_PREVIEWS = YES;
				GENERATE_INFOPLIST_FILE = YES;
				INFOPLIST_KEY_UIApplicationSceneManifest_Generation = YES;
				INFOPLIST_KEY_UIApplicationSupportsIndirectInputEvents = YES;
				INFOPLIST_KEY_UILaunchScreen_Generation = YES;
				INFOPLIST_KEY_UISupportedInterfaceOrientations_iPad = "UIInterfaceOrientationPortrait UIInterfaceOrientationPortraitUpsideDown UIInterfaceOrientationLandscapeLeft UIInterfaceOrientationLandscapeRight";
				INFOPLIST_KEY_UISupportedInterfaceOrientations_iPhone = "UIInterfaceOrientationPortrait UIInterfaceOrientationLandscapeLeft UIInterfaceOrientationLandscapeRight";
				LD_RUNPATH_SEARCH_PATHS = (
					"$(inherited)",
					"@executable_path/Frameworks",
				);
				MARKETING_VERSION = 1.0;
				PRODUCT_BUNDLE_IDENTIFIER = "Com.harshtrivedi.GSI-Next.Com.GSI-NEXT-IOS";
				PRODUCT_NAME = "$(TARGET_NAME)";
				SWIFT_EMIT_LOC_STRINGS = YES;
				SWIFT_VERSION = 5.0;
				TARGETED_DEVICE_FAMILY = "1,2";
			};
			name = Release;
		};
/* End XCBuildConfiguration section */

/* Begin XCConfigurationList section */
		3AAFC2632C5930280058CD53 /* Build configuration list for PBXProject "GSI NEXT IOS" */ = {
			isa = XCConfigurationList;
			buildConfigurations = (
				3AAFC2742C5930280058CD53 /* Debug */,
				3AAFC2752C5930280058CD53 /* Release */,
			);
			defaultConfigurationIsVisible = 0;
			defaultConfigurationName = Release;
		};
		3AAFC2762C5930280058CD53 /* Build configuration list for PBXNativeTarget "GSI NEXT IOS" */ = {
			isa = XCConfigurationList;
			buildConfigurations = (
				3AAFC2772C5930280058CD53 /* Debug */,
				3AAFC2782C5930280058CD53 /* Release */,
			);
			defaultConfigurationIsVisible = 0;
			defaultConfigurationName = Release;
		};
/* End XCConfigurationList section */
	};
	rootObject = 3AAFC2602C5930280058CD53 /* Project object */;
}
